
Microsoft Visual Studio Solution File, Format Version 12.00
# Visual Studio 15
VisualStudioVersion = 15.0.27428.2037
MinimumVisualStudioVersion = 10.0.40219.1
Project("{FAE04EC0-301F-11D3-BF4B-00C04F79EFBC}") = "Imprimis", "Imprimis\Imprimis.csproj", "{2DD014C9-05D7-4A55-8D54-58C0969C00D2}"
EndProject
Project("{FAE04EC0-301F-11D3-BF4B-00C04F79EFBC}") = "ImprimisTests", "ImprimisTests\ImprimisTests.csproj", "{0505EEB7-5F75-4B9A-98F7-0629BA28E2F1}"
EndProject
Project("{FAE04EC0-301F-11D3-BF4B-00C04F79EFBC}") = "ImprimisCore", "ImprimisCore\ImprimisCore.csproj", "{0851ADAF-AF5C-4BF9-B0A0-D303BA62ADF0}"
EndProject
Global
	GlobalSection(SolutionConfigurationPlatforms) = preSolution
		Debug|Any CPU = Debug|Any CPU
		Release|Any CPU = Release|Any CPU
	EndGlobalSection
	GlobalSection(ProjectConfigurationPlatforms) = postSolution
		{2DD014C9-05D7-4A55-8D54-58C0969C00D2}.Debug|Any CPU.ActiveCfg = Debug|Any CPU
		{2DD014C9-05D7-4A55-8D54-58C0969C00D2}.Debug|Any CPU.Build.0 = Debug|Any CPU
		{2DD014C9-05D7-4A55-8D54-58C0969C00D2}.Release|Any CPU.ActiveCfg = Release|Any CPU
		{2DD014C9-05D7-4A55-8D54-58C0969C00D2}.Release|Any CPU.Build.0 = Release|Any CPU
		{0505EEB7-5F75-4B9A-98F7-0629BA28E2F1}.Debug|Any CPU.ActiveCfg = Debug|Any CPU
		{0505EEB7-5F75-4B9A-98F7-0629BA28E2F1}.Debug|Any CPU.Build.0 = Debug|Any CPU
		{0505EEB7-5F75-4B9A-98F7-0629BA28E2F1}.Release|Any CPU.ActiveCfg = Release|Any CPU
		{0505EEB7-5F75-4B9A-98F7-0629BA28E2F1}.Release|Any CPU.Build.0 = Release|Any CPU
		{0851ADAF-AF5C-4BF9-B0A0-D303BA62ADF0}.Debug|Any CPU.ActiveCfg = Debug|Any CPU
		{0851ADAF-AF5C-4BF9-B0A0-D303BA62ADF0}.Debug|Any CPU.Build.0 = Debug|Any CPU
		{0851ADAF-AF5C-4BF9-B0A0-D303BA62ADF0}.Release|Any CPU.ActiveCfg = Release|Any CPU
		{0851ADAF-AF5C-4BF9-B0A0-D303BA62ADF0}.Release|Any CPU.Build.0 = Release|Any CPU
	EndGlobalSection
	GlobalSection(SolutionProperties) = preSolution
		HideSolutionNode = FALSE
	EndGlobalSection
	GlobalSection(ExtensibilityGlobals) = postSolution
		SolutionGuid = {B9473B7F-1C44-4592-9ED3-CA4A5A3DC337}
	EndGlobalSection
EndGlobal
